// !$*UTF8*$!
{
	archiveVersion = 1;
	classes = {
	};
	objectVersion = 50;
	objects = {

/* Begin PBXBuildFile section */
		A32F29D022FAFDFB00F03091 /* AppDelegate.swift in Sources */ = {isa = PBXBuildFile; fileRef = A32F29CF22FAFDFB00F03091 /* AppDelegate.swift */; };
		A32F29D222FAFDFB00F03091 /* ViewController.swift in Sources */ = {isa = PBXBuildFile; fileRef = A32F29D122FAFDFB00F03091 /* ViewController.swift */; };
		A32F29D522FAFDFB00F03091 /* Main.storyboard in Resources */ = {isa = PBXBuildFile; fileRef = A32F29D322FAFDFB00F03091 /* Main.storyboard */; };
		A32F29D722FAFDFE00F03091 /* Assets.xcassets in Resources */ = {isa = PBXBuildFile; fileRef = A32F29D622FAFDFE00F03091 /* Assets.xcassets */; };
		A32F29DA22FAFDFE00F03091 /* LaunchScreen.storyboard in Resources */ = {isa = PBXBuildFile; fileRef = A32F29D822FAFDFE00F03091 /* LaunchScreen.storyboard */; };
		A32F29E222FAFF9300F03091 /* ToDo.swift in Sources */ = {isa = PBXBuildFile; fileRef = A32F29E122FAFF9300F03091 /* ToDo.swift */; };
		A32F29E422FB018700F03091 /* ToDoTableViewController.swift in Sources */ = {isa = PBXBuildFile; fileRef = A32F29E322FB018700F03091 /* ToDoTableViewController.swift */; };
		A32F29E622FB0FE900F03091 /* ToDoDetailTableViewController.swift in Sources */ = {isa = PBXBuildFile; fileRef = A32F29E522FB0FE900F03091 /* ToDoDetailTableViewController.swift */; };
		A32F29E822FB57AE00F03091 /* ToDoCell.swift in Sources */ = {isa = PBXBuildFile; fileRef = A32F29E722FB57AE00F03091 /* ToDoCell.swift */; };
/* End PBXBuildFile section */

/* Begin PBXFileReference section */
		A32F29CC22FAFDFB00F03091 /* ToDoList.app */ = {isa = PBXFileReference; explicitFileType = wrapper.application; includeInIndex = 0; path = ToDoList.app; sourceTree = BUILT_PRODUCTS_DIR; };
		A32F29CF22FAFDFB00F03091 /* AppDelegate.swift */ = {isa = PBXFileReference; lastKnownFileType = sourcecode.swift; path = AppDelegate.swift; sourceTree = "<group>"; };
		A32F29D122FAFDFB00F03091 /* ViewController.swift */ = {isa = PBXFileReference; lastKnownFileType = sourcecode.swift; path = ViewController.swift; sourceTree = "<group>"; };
		A32F29D422FAFDFB00F03091 /* Base */ = {isa = PBXFileReference; lastKnownFileType = file.storyboard; name = Base; path = Base.lproj/Main.storyboard; sourceTree = "<group>"; };
		A32F29D622FAFDFE00F03091 /* Assets.xcassets */ = {isa = PBXFileReference; lastKnownFileType = folder.assetcatalog; path = Assets.xcassets; sourceTree = "<group>"; };
		A32F29D922FAFDFE00F03091 /* Base */ = {isa = PBXFileReference; lastKnownFileType = file.storyboard; name = Base; path = Base.lproj/LaunchScreen.storyboard; sourceTree = "<group>"; };
		A32F29DB22FAFDFE00F03091 /* Info.plist */ = {isa = PBXFileReference; lastKnownFileType = text.plist.xml; path = Info.plist; sourceTree = "<group>"; };
		A32F29E122FAFF9300F03091 /* ToDo.swift */ = {isa = PBXFileReference; lastKnownFileType = sourcecode.swift; path = ToDo.swift; sourceTree = "<group>"; };
		A32F29E322FB018700F03091 /* ToDoTableViewController.swift */ = {isa = PBXFileReference; lastKnownFileType = sourcecode.swift; path = ToDoTableViewController.swift; sourceTree = "<group>"; };
		A32F29E522FB0FE900F03091 /* ToDoDetailTableViewController.swift */ = {isa = PBXFileReference; lastKnownFileType = sourcecode.swift; path = ToDoDetailTableViewController.swift; sourceTree = "<group>"; };
		A32F29E722FB57AE00F03091 /* ToDoCell.swift */ = {isa = PBXFileReference; lastKnownFileType = sourcecode.swift; path = ToDoCell.swift; sourceTree = "<group>"; };
/* End PBXFileReference section */

/* Begin PBXFrameworksBuildPhase section */
		A32F29C922FAFDFB00F03091 /* Frameworks */ = {
			isa = PBXFrameworksBuildPhase;
			buildActionMask = 2147483647;
			files = (
			);
			runOnlyForDeploymentPostprocessing = 0;
		};
/* End PBXFrameworksBuildPhase section */

/* Begin PBXGroup section */
		A32F29C322FAFDFB00F03091 = {
			isa = PBXGroup;
			children = (
				A32F29CE22FAFDFB00F03091 /* ToDoList */,
				A32F29CD22FAFDFB00F03091 /* Products */,
			);
			sourceTree = "<group>";
		};
		A32F29CD22FAFDFB00F03091 /* Products */ = {
			isa = PBXGroup;
			children = (
				A32F29CC22FAFDFB00F03091 /* ToDoList.app */,
			);
			name = Products;
			sourceTree = "<group>";
		};
		A32F29CE22FAFDFB00F03091 /* ToDoList */ = {
			isa = PBXGroup;
			children = (
				A32F29CF22FAFDFB00F03091 /* AppDelegate.swift */,
				A32F29D122FAFDFB00F03091 /* ViewController.swift */,
				A32F29D322FAFDFB00F03091 /* Main.storyboard */,
				A32F29E522FB0FE900F03091 /* ToDoDetailTableViewController.swift */,
				A32F29E122FAFF9300F03091 /* ToDo.swift */,
				A32F29E322FB018700F03091 /* ToDoTableViewController.swift */,
				A32F29E722FB57AE00F03091 /* ToDoCell.swift */,
				A32F29D622FAFDFE00F03091 /* Assets.xcassets */,
				A32F29D822FAFDFE00F03091 /* LaunchScreen.storyboard */,
				A32F29DB22FAFDFE00F03091 /* Info.plist */,
			);
			path = ToDoList;
			sourceTree = "<group>";
		};
/* End PBXGroup section */

/* Begin PBXNativeTarget section */
		A32F29CB22FAFDFB00F03091 /* ToDoList */ = {
			isa = PBXNativeTarget;
			buildConfigurationList = A32F29DE22FAFDFE00F03091 /* Build configuration list for PBXNativeTarget "ToDoList" */;
			buildPhases = (
				A32F29C822FAFDFB00F03091 /* Sources */,
				A32F29C922FAFDFB00F03091 /* Frameworks */,
				A32F29CA22FAFDFB00F03091 /* Resources */,
			);
			buildRules = (
			);
			dependencies = (
			);
			name = ToDoList;
			productName = ToDoList;
			productReference = A32F29CC22FAFDFB00F03091 /* ToDoList.app */;
			productType = "com.apple.product-type.application";
		};
/* End PBXNativeTarget section */

/* Begin PBXProject section */
		A32F29C422FAFDFB00F03091 /* Project object */ = {
			isa = PBXProject;
			attributes = {
				LastSwiftUpdateCheck = 1030;
				LastUpgradeCheck = 1030;
				ORGANIZATIONNAME = "Julia Zamaitat";
				TargetAttributes = {
					A32F29CB22FAFDFB00F03091 = {
						CreatedOnToolsVersion = 10.3;
					};
				};
			};
			buildConfigurationList = A32F29C722FAFDFB00F03091 /* Build configuration list for PBXProject "ToDoList" */;
			compatibilityVersion = "Xcode 9.3";
			developmentRegion = en;
			hasScannedForEncodings = 0;
			knownRegions = (
				en,
				Base,
			);
			mainGroup = A32F29C322FAFDFB00F03091;
			productRefGroup = A32F29CD22FAFDFB00F03091 /* Products */;
			projectDirPath = "";
			projectRoot = "";
			targets = (
				A32F29CB22FAFDFB00F03091 /* ToDoList */,
			);
		};
/* End PBXProject section */

/* Begin PBXResourcesBuildPhase section */
		A32F29CA22FAFDFB00F03091 /* Resources */ = {
			isa = PBXResourcesBuildPhase;
			buildActionMask = 2147483647;
			files = (
				A32F29DA22FAFDFE00F03091 /* LaunchScreen.storyboard in Resources */,
				A32F29D722FAFDFE00F03091 /* Assets.xcassets in Resources */,
				A32F29D522FAFDFB00F03091 /* Main.storyboard in Resources */,
			);
			runOnlyForDeploymentPostprocessing = 0;
		};
/* End PBXResourcesBuildPhase section */

/* Begin PBXSourcesBuildPhase section */
		A32F29C822FAFDFB00F03091 /* Sources */ = {
			isa = PBXSourcesBuildPhase;
			buildActionMask = 2147483647;
			files = (
				A32F29E222FAFF9300F03091 /* ToDo.swift in Sources */,
				A32F29E822FB57AE00F03091 /* ToDoCell.swift in Sources */,
				A32F29E622FB0FE900F03091 /* ToDoDetailTableViewController.swift in Sources */,
				A32F29E422FB018700F03091 /* ToDoTableViewController.swift in Sources */,
				A32F29D222FAFDFB00F03091 /* ViewController.swift in Sources */,
				A32F29D022FAFDFB00F03091 /* AppDelegate.swift in Sources */,
			);
			runOnlyForDeploymentPostprocessing = 0;
		};
/* End PBXSourcesBuildPhase section */

/* Begin PBXVariantGroup section */
		A32F29D322FAFDFB00F03091 /* Main.storyboard */ = {
			isa = PBXVariantGroup;
			children = (
				A32F29D422FAFDFB00F03091 /* Base */,
			);
			name = Main.storyboard;
			sourceTree = "<group>";
		};
		A32F29D822FAFDFE00F03091 /* LaunchScreen.storyboard */ = {
			isa = PBXVariantGroup;
			children = (
				A32F29D922FAFDFE00F03091 /* Base */,
			);
			name = LaunchScreen.storyboard;
			sourceTree = "<group>";
		};
/* End PBXVariantGroup section */

/* Begin XCBuildConfiguration section */
		A32F29DC22FAFDFE00F03091 /* Debug */ = {
			isa = XCBuildConfiguration;
			buildSettings = {
				ALWAYS_SEARCH_USER_PATHS = NO;
				CLANG_ANALYZER_NONNULL = YES;
				CLANG_ANALYZER_NUMBER_OBJECT_CONVERSION = YES_AGGRESSIVE;
				CLANG_CXX_LANGUAGE_STANDARD = "gnu++14";
				CLANG_CXX_LIBRARY = "libc++";
				CLANG_ENABLE_MODULES = YES;
				CLANG_ENABLE_OBJC_ARC = YES;
				CLANG_ENABLE_OBJC_WEAK = YES;
				CLANG_WARN_BLOCK_CAPTURE_AUTORELEASING = YES;
				CLANG_WARN_BOOL_CONVERSION = YES;
				CLANG_WARN_COMMA = YES;
				CLANG_WARN_CONSTANT_CONVERSION = YES;
				CLANG_WARN_DEPRECATED_OBJC_IMPLEMENTATIONS = YES;
				CLANG_WARN_DIRECT_OBJC_ISA_USAGE = YES_ERROR;
				CLANG_WARN_DOCUMENTATION_COMMENTS = YES;
				CLANG_WARN_EMPTY_BODY = YES;
				CLANG_WARN_ENUM_CONVERSION = YES;
				CLANG_WARN_INFINITE_RECURSION = YES;
				CLANG_WARN_INT_CONVERSION = YES;
				CLANG_WARN_NON_LITERAL_NULL_CONVERSION = YES;
				CLANG_WARN_OBJC_IMPLICIT_RETAIN_SELF = YES;
				CLANG_WARN_OBJC_LITERAL_CONVERSION = YES;
				CLANG_WARN_OBJC_ROOT_CLASS = YES_ERROR;
				CLANG_WARN_RANGE_LOOP_ANALYSIS = YES;
				CLANG_WARN_STRICT_PROTOTYPES = YES;
				CLANG_WARN_SUSPICIOUS_MOVE = YES;
				CLANG_WARN_UNGUARDED_AVAILABILITY = YES_AGGRESSIVE;
				CLANG_WARN_UNREACHABLE_CODE = YES;
				CLANG_WARN__DUPLICATE_METHOD_MATCH = YES;
				CODE_SIGN_IDENTITY = "iPhone Developer";
				COPY_PHASE_STRIP = NO;
				DEBUG_INFORMATION_FORMAT = dwarf;
				ENABLE_STRICT_OBJC_MSGSEND = YES;
				ENABLE_TESTABILITY = YES;
				GCC_C_LANGUAGE_STANDARD = gnu11;
				GCC_DYNAMIC_NO_PIC = NO;
				GCC_NO_COMMON_BLOCKS = YES;
				GCC_OPTIMIZATION_LEVEL = 0;
				GCC_PREPROCESSOR_DEFINITIONS = (
					"DEBUG=1",
					"$(inherited)",
				);
				GCC_WARN_64_TO_32_BIT_CONVERSION = YES;
				GCC_WARN_ABOUT_RETURN_TYPE = YES_ERROR;
				GCC_WARN_UNDECLARED_SELECTOR = YES;
				GCC_WARN_UNINITIALIZED_AUTOS = YES_AGGRESSIVE;
				GCC_WARN_UNUSED_FUNCTION = YES;
				GCC_WARN_UNUSED_VARIABLE = YES;
				IPHONEOS_DEPLOYMENT_TARGET = 12.4;
				MTL_ENABLE_DEBUG_INFO = INCLUDE_SOURCE;
				MTL_FAST_MATH = YES;
				ONLY_ACTIVE_ARCH = YES;
				SDKROOT = iphoneos;
				SWIFT_ACTIVE_COMPILATION_CONDITIONS = DEBUG;
				SWIFT_OPTIMIZATION_LEVEL = "-Onone";
			};
			name = Debug;
		};
		A32F29DD22FAFDFE00F03091 /* Release */ = {
			isa = XCBuildConfiguration;
			buildSettings = {
				ALWAYS_SEARCH_USER_PATHS = NO;
				CLANG_ANALYZER_NONNULL = YES;
				CLANG_ANALYZER_NUMBER_OBJECT_CONVERSION = YES_AGGRESSIVE;
				CLANG_CXX_LANGUAGE_STANDARD = "gnu++14";
				CLANG_CXX_LIBRARY = "libc++";
				CLANG_ENABLE_MODULES = YES;
				CLANG_ENABLE_OBJC_ARC = YES;
				CLANG_ENABLE_OBJC_WEAK = YES;
				CLANG_WARN_BLOCK_CAPTURE_AUTORELEASING = YES;
				CLANG_WARN_BOOL_CONVERSION = YES;
				CLANG_WARN_COMMA = YES;
				CLANG_WARN_CONSTANT_CONVERSION = YES;
				CLANG_WARN_DEPRECATED_OBJC_IMPLEMENTATIONS = YES;
				CLANG_WARN_DIRECT_OBJC_ISA_USAGE = YES_ERROR;
				CLANG_WARN_DOCUMENTATION_COMMENTS = YES;
				CLANG_WARN_EMPTY_BODY = YES;
				CLANG_WARN_ENUM_CONVERSION = YES;
				CLANG_WARN_INFINITE_RECURSION = YES;
				CLANG_WARN_INT_CONVERSION = YES;
				CLANG_WARN_NON_LITERAL_NULL_CONVERSION = YES;
				CLANG_WARN_OBJC_IMPLICIT_RETAIN_SELF = YES;
				CLANG_WARN_OBJC_LITERAL_CONVERSION = YES;
				CLANG_WARN_OBJC_ROOT_CLASS = YES_ERROR;
				CLANG_WARN_RANGE_LOOP_ANALYSIS = YES;
				CLANG_WARN_STRICT_PROTOTYPES = YES;
				CLANG_WARN_SUSPICIOUS_MOVE = YES;
				CLANG_WARN_UNGUARDED_AVAILABILITY = YES_AGGRESSIVE;
				CLANG_WARN_UNREACHABLE_CODE = YES;
				CLANG_WARN__DUPLICATE_METHOD_MATCH = YES;
				CODE_SIGN_IDENTITY = "iPhone Developer";
				COPY_PHASE_STRIP = NO;
				DEBUG_INFORMATION_FORMAT = "dwarf-with-dsym";
				ENABLE_NS_ASSERTIONS = NO;
				ENABLE_STRICT_OBJC_MSGSEND = YES;
				GCC_C_LANGUAGE_STANDARD = gnu11;
				GCC_NO_COMMON_BLOCKS = YES;
				GCC_WARN_64_TO_32_BIT_CONVERSION = YES;
				GCC_WARN_ABOUT_RETURN_TYPE = YES_ERROR;
				GCC_WARN_UNDECLARED_SELECTOR = YES;
				GCC_WARN_UNINITIALIZED_AUTOS = YES_AGGRESSIVE;
				GCC_WARN_UNUSED_FUNCTION = YES;
				GCC_WARN_UNUSED_VARIABLE = YES;
				IPHONEOS_DEPLOYMENT_TARGET = 12.4;
				MTL_ENABLE_DEBUG_INFO = NO;
				MTL_FAST_MATH = YES;
				SDKROOT = iphoneos;
				SWIFT_COMPILATION_MODE = wholemodule;
				SWIFT_OPTIMIZATION_LEVEL = "-O";
				VALIDATE_PRODUCT = YES;
			};
			name = Release;
		};
		A32F29DF22FAFDFE00F03091 /* Debug */ = {
			isa = XCBuildConfiguration;
			buildSettings = {
				ASSETCATALOG_COMPILER_APPICON_NAME = AppIcon;
				CODE_SIGN_STYLE = Automatic;
				DEVELOPMENT_TEAM = RR52BD63Z6;
				INFOPLIST_FILE = ToDoList/Info.plist;
				LD_RUNPATH_SEARCH_PATHS = (
					"$(inherited)",
					"@executable_path/Frameworks",
				);
				PRODUCT_BUNDLE_IDENTIFIER = com.example.ToDoList;
				PRODUCT_NAME = "$(TARGET_NAME)";
				SWIFT_VERSION = 5.0;
				TARGETED_DEVICE_FAMILY = "1,2";
			};
			name = Debug;
		};
		A32F29E022FAFDFE00F03091 /* Release */ = {
			isa = XCBuildConfiguration;
			buildSettings = {
				ASSETCATALOG_COMPILER_APPICON_NAME = AppIcon;
				CODE_SIGN_STYLE = Automatic;
				DEVELOPMENT_TEAM = RR52BD63Z6;
				INFOPLIST_FILE = ToDoList/Info.plist;
				LD_RUNPATH_SEARCH_PATHS = (
					"$(inherited)",
					"@executable_path/Frameworks",
				);
				PRODUCT_BUNDLE_IDENTIFIER = com.example.ToDoList;
				PRODUCT_NAME = "$(TARGET_NAME)";
				SWIFT_VERSION = 5.0;
				TARGETED_DEVICE_FAMILY = "1,2";
			};
			name = Release;
		};
/* End XCBuildConfiguration section */

/* Begin XCConfigurationList section */
		A32F29C722FAFDFB00F03091 /* Build configuration list for PBXProject "ToDoList" */ = {
			isa = XCConfigurationList;
			buildConfigurations = (
				A32F29DC22FAFDFE00F03091 /* Debug */,
				A32F29DD22FAFDFE00F03091 /* Release */,
			);
			defaultConfigurationIsVisible = 0;
			defaultConfigurationName = Release;
		};
		A32F29DE22FAFDFE00F03091 /* Build configuration list for PBXNativeTarget "ToDoList" */ = {
			isa = XCConfigurationList;
			buildConfigurations = (
				A32F29DF22FAFDFE00F03091 /* Debug */,
				A32F29E022FAFDFE00F03091 /* Release */,
			);
			defaultConfigurationIsVisible = 0;
			defaultConfigurationName = Release;
		};
/* End XCConfigurationList section */
	};
	rootObject = A32F29C422FAFDFB00F03091 /* Project object */;
}
